<?xml version="1.0" encoding="utf-8"?>
<Project ToolsVersion="4.0" xmlns="http://schemas.microsoft.com/developer/msbuild/2003">
  <ItemGroup>
    <Filter Include="소스 파일">
      <UniqueIdentifier>{4FC737F1-C7A5-4376-A066-2A32D752A2FF}</UniqueIdentifier>
      <Extensions>cpp;c;cc;cxx;def;odl;idl;hpj;bat;asm;asmx</Extensions>
    </Filter>
    <Filter Include="헤더 파일">
      <UniqueIdentifier>{93995380-89BD-4b04-88EB-625FBE52EBFB}</UniqueIdentifier>
      <Extensions>h;hh;hpp;hxx;hm;inl;inc;ipp;xsd</Extensions>
    </Filter>
    <Filter Include="리소스 파일">
      <UniqueIdentifier>{67DA6AB6-F800-4c08-8B7A-83BB121AAD01}</UniqueIdentifier>
      <Extensions>rc;ico;cur;bmp;dlg;rc2;rct;bin;rgs;gif;jpg;jpeg;jpe;resx;tiff;tif;png;wav;mfcribbon-ms</Extensions>
    </Filter>
    <Filter Include="소스 파일\mosqpp_client">
      <UniqueIdentifier>{8a761db2-0590-4dec-94ae-c1038e86d6fa}</UniqueIdentifier>
    </Filter>
    <Filter Include="소스 파일\flatbuffers">
      <UniqueIdentifier>{0737e465-a6b0-44d4-a282-16ed2e3022d9}</UniqueIdentifier>
    </Filter>
  </ItemGroup>
  <ItemGroup>
    <ClCompile Include="mosquitto_recv.cpp">
      <Filter>소스 파일</Filter>
    </ClCompile>
    <ClCompile Include="mosquitto_send.cpp">
      <Filter>소스 파일</Filter>
    </ClCompile>
    <ClCompile Include="mosquitto_v5_recv.cpp">
      <Filter>소스 파일</Filter>
    </ClCompile>
    <ClCompile Include="mosquitto_v5_send.cpp">
      <Filter>소스 파일</Filter>
    </ClCompile>
    <ClCompile Include="mosquittopp.cpp">
      <Filter>소스 파일</Filter>
    </ClCompile>
    <ClCompile Include="mosqpp_client.cpp">
      <Filter>소스 파일\mosqpp_client</Filter>
    </ClCompile>
    <ClCompile Include="flatbuffers\src\util.cpp">
      <Filter>소스 파일\flatbuffers</Filter>
    </ClCompile>
  </ItemGroup>
  <ItemGroup>
    <ClInclude Include="mosqpp_client.h">
      <Filter>소스 파일\mosqpp_client</Filter>
    </ClInclude>
  </ItemGroup>
</Project>